
Microsoft Visual Studio Solution File, Format Version 12.00
# Visual Studio Version 16
VisualStudioVersion = 16.0.30011.22
MinimumVisualStudioVersion = 10.0.40219.1
Project("{FAE04EC0-301F-11D3-BF4B-00C04F79EFBC}") = "Parking Management V3", "Parking Management V3\Parking Management V3.csproj", "{F6C4AFCF-ADCA-4FC0-841C-DEF904A7471B}"
EndProject
Global
	GlobalSection(SolutionConfigurationPlatforms) = preSolution
		Debug|Any CPU = Debug|Any CPU
		Release|Any CPU = Release|Any CPU
	EndGlobalSection
	GlobalSection(ProjectConfigurationPlatforms) = postSolution
		{F6C4AFCF-ADCA-4FC0-841C-DEF904A7471B}.Debug|Any CPU.ActiveCfg = Debug|Any CPU
		{F6C4AFCF-ADCA-4FC0-841C-DEF904A7471B}.Debug|Any CPU.Build.0 = Debug|Any CPU
		{F6C4AFCF-ADCA-4FC0-841C-DEF904A7471B}.Release|Any CPU.ActiveCfg = Release|Any CPU
		{F6C4AFCF-ADCA-4FC0-841C-DEF904A7471B}.Release|Any CPU.Build.0 = Release|Any CPU
	EndGlobalSection
	GlobalSection(SolutionProperties) = preSolution
		HideSolutionNode = FALSE
	EndGlobalSection
	GlobalSection(ExtensibilityGlobals) = postSolution
		SolutionGuid = {F866F3ED-2B07-4D88-8775-289351F3CF33}
	EndGlobalSection
EndGlobal
